github.com/BotManu/dog v0.0.0-20240408133213-5795e3c69f53 h1:Ta8AHMSMrnqOR50rPuWy+2JN+/lHWghWEsmMezeHN+k=
github.com/BotManu/dog v0.0.0-20240408133213-5795e3c69f53/go.mod h1:nrq6tqqokK9ggGDnjsWFPFY3OOG1Qy91diT91hDehw0=
github.com/BotManu/puppy v0.0.0-20240408124103-a1c9ea7b7107 h1:DQSXgKJIGTyzMUi3FuvtcsKBDMJ7uND4OSYA2Q6EhzI=
github.com/BotManu/puppy v0.0.0-20240408124103-a1c9ea7b7107/go.mod h1:v54e9+YqVdqWyU+SPFg2HEedvR28UopRDzDMxIlZup4=
github.com/BotManu/puppy v0.0.0-20240408133750-4ca8c9ce8a5f h1:hWjeR4dM+aUKHsB9qNgvxBWInHvfJ25g2o4t1lmWxz8=
github.com/BotManu/puppy v0.0.0-20240408133750-4ca8c9ce8a5f/go.mod h1:7J9ysAhnouZVnmpKNumoy20VAdOT/tVqI4meSp7zyl4=
